
Microsoft Visual Studio Solution File, Format Version 12.00
# Visual Studio Version 16
VisualStudioVersion = 16.0.31129.286
MinimumVisualStudioVersion = 10.0.40219.1
Project("{FAE04EC0-301F-11D3-BF4B-00C04F79EFBC}") = "Search", "Search\Search.csproj", "{873BE61B-ACA7-49CE-BD61-50FD89C0F61A}"
EndProject
Project("{FAE04EC0-301F-11D3-BF4B-00C04F79EFBC}") = "SearchAPI", "SearchAPI\SearchAPI.csproj", "{AEBD58D2-2ED0-4790-8E52-476B97F64790}"
EndProject
Global
	GlobalSection(SolutionConfigurationPlatforms) = preSolution
		Debug|Any CPU = Debug|Any CPU
		Release|Any CPU = Release|Any CPU
	EndGlobalSection
	GlobalSection(ProjectConfigurationPlatforms) = postSolution
		{873BE61B-ACA7-49CE-BD61-50FD89C0F61A}.Debug|Any CPU.ActiveCfg = Debug|Any CPU
		{873BE61B-ACA7-49CE-BD61-50FD89C0F61A}.Debug|Any CPU.Build.0 = Debug|Any CPU
		{873BE61B-ACA7-49CE-BD61-50FD89C0F61A}.Release|Any CPU.ActiveCfg = Release|Any CPU
		{873BE61B-ACA7-49CE-BD61-50FD89C0F61A}.Release|Any CPU.Build.0 = Release|Any CPU
		{AEBD58D2-2ED0-4790-8E52-476B97F64790}.Debug|Any CPU.ActiveCfg = Debug|Any CPU
		{AEBD58D2-2ED0-4790-8E52-476B97F64790}.Debug|Any CPU.Build.0 = Debug|Any CPU
		{AEBD58D2-2ED0-4790-8E52-476B97F64790}.Release|Any CPU.ActiveCfg = Release|Any CPU
		{AEBD58D2-2ED0-4790-8E52-476B97F64790}.Release|Any CPU.Build.0 = Release|Any CPU
	EndGlobalSection
	GlobalSection(SolutionProperties) = preSolution
		HideSolutionNode = FALSE
	EndGlobalSection
	GlobalSection(ExtensibilityGlobals) = postSolution
		SolutionGuid = {ACBFCB6E-2FF5-4224-8D6E-4D663721E12B}
	EndGlobalSection
EndGlobal
